
Microsoft Visual Studio Solution File, Format Version 12.00
# Visual Studio Version 16
VisualStudioVersion = 16.0.32602.291
MinimumVisualStudioVersion = 10.0.40219.1
Project("{FAE04EC0-301F-11D3-BF4B-00C04F79EFBC}") = "ProceduarColorGen", "ProceduarColorGen\ProceduarColorGen.csproj", "{1745AE06-5261-4F60-8E1F-B9621A51E49E}"
EndProject
Global
	GlobalSection(SolutionConfigurationPlatforms) = preSolution
		Debug|Any CPU = Debug|Any CPU
		Release|Any CPU = Release|Any CPU
	EndGlobalSection
	GlobalSection(ProjectConfigurationPlatforms) = postSolution
		{1745AE06-5261-4F60-8E1F-B9621A51E49E}.Debug|Any CPU.ActiveCfg = Debug|Any CPU
		{1745AE06-5261-4F60-8E1F-B9621A51E49E}.Debug|Any CPU.Build.0 = Debug|Any CPU
		{1745AE06-5261-4F60-8E1F-B9621A51E49E}.Release|Any CPU.ActiveCfg = Release|Any CPU
		{1745AE06-5261-4F60-8E1F-B9621A51E49E}.Release|Any CPU.Build.0 = Release|Any CPU
	EndGlobalSection
	GlobalSection(SolutionProperties) = preSolution
		HideSolutionNode = FALSE
	EndGlobalSection
	GlobalSection(ExtensibilityGlobals) = postSolution
		SolutionGuid = {DF0D35F5-F1C0-47BB-81B7-90C2939CC83D}
	EndGlobalSection
EndGlobal
